
Microsoft Visual Studio Solution File, Format Version 12.00
# Visual Studio Version 17
VisualStudioVersion = 17.9.34728.123
MinimumVisualStudioVersion = 10.0.40219.1
Project("{8BC9CEB8-8B4A-11D0-8D11-00A0C91BC942}") = "Assignment 4 - Age Classifier", "Assignment 4 - Age Classifier\Assignment 4 - Age Classifier.vcxproj", "{966BF46A-3668-4700-87A9-51320D7ACB66}"
EndProject
Global
	GlobalSection(SolutionConfigurationPlatforms) = preSolution
		Debug|x64 = Debug|x64
		Debug|x86 = Debug|x86
		Release|x64 = Release|x64
		Release|x86 = Release|x86
	EndGlobalSection
	GlobalSection(ProjectConfigurationPlatforms) = postSolution
		{966BF46A-3668-4700-87A9-51320D7ACB66}.Debug|x64.ActiveCfg = Debug|x64
		{966BF46A-3668-4700-87A9-51320D7ACB66}.Debug|x64.Build.0 = Debug|x64
		{966BF46A-3668-4700-87A9-51320D7ACB66}.Debug|x86.ActiveCfg = Debug|Win32
		{966BF46A-3668-4700-87A9-51320D7ACB66}.Debug|x86.Build.0 = Debug|Win32
		{966BF46A-3668-4700-87A9-51320D7ACB66}.Release|x64.ActiveCfg = Release|x64
		{966BF46A-3668-4700-87A9-51320D7ACB66}.Release|x64.Build.0 = Release|x64
		{966BF46A-3668-4700-87A9-51320D7ACB66}.Release|x86.ActiveCfg = Release|Win32
		{966BF46A-3668-4700-87A9-51320D7ACB66}.Release|x86.Build.0 = Release|Win32
	EndGlobalSection
	GlobalSection(SolutionProperties) = preSolution
		HideSolutionNode = FALSE
	EndGlobalSection
	GlobalSection(ExtensibilityGlobals) = postSolution
		SolutionGuid = {2E3BFFAE-9D81-49B9-9871-E277E9CD9500}
	EndGlobalSection
EndGlobal
